# THIS IS AN AUTOGENERATED FILE. DO NOT EDIT THIS FILE DIRECTLY.
# yarn lockfile v1


"@types/node@^12.12.0":
  version "12.19.12"
  resolved "https://registry.yarnpkg.com/@types/node/-/node-12.19.12.tgz#04793c2afa4ce833a9972e4c476432e30f9df47b"
  integrity sha512-UwfL2uIU9arX/+/PRcIkT08/iBadGN2z6ExOROA2Dh5mAuWTBj6iJbQX4nekiV5H8cTrEG569LeX+HRco9Cbxw==

coc.nvim@^0.0.81-next.8:
  version "0.0.81-next.8"
  resolved "https://registry.yarnpkg.com/coc.nvim/-/coc.nvim-0.0.81-next.8.tgz#7c0ec46cfab29d41ebdb9e3e9cabf1cb5cc2b920"
  integrity sha512-1dk2j571Gxk4lXw2GVdGfOJeZAhfZ5HgmtA/p4NW5gorNVnCcC6qe2sp0LiecgiWfah3o+BsOTahr+Vjwj6GYA==

esbuild-android-arm64@0.14.7:
  version "0.14.7"
  resolved "https://registry.yarnpkg.com/esbuild-android-arm64/-/esbuild-android-arm64-0.14.7.tgz#8c78cbb617f9f216abfb5a84cca453b51421a1b6"
  integrity sha512-9/Q1NC4JErvsXzJKti0NHt+vzKjZOgPIjX/e6kkuCzgfT/GcO3FVBcGIv4HeJG7oMznE6KyKhvLrFgt7CdU2/w==

esbuild-darwin-64@0.14.7:
  version "0.14.7"
  resolved "https://registry.yarnpkg.com/esbuild-darwin-64/-/esbuild-darwin-64-0.14.7.tgz#7424bdb64c104556d36b7429af79ab51415ab8f4"
  integrity sha512-Z9X+3TT/Xj+JiZTVlwHj2P+8GoiSmUnGVz0YZTSt8WTbW3UKw5Pw2ucuJ8VzbD2FPy0jbIKJkko/6CMTQchShQ==

esbuild-darwin-arm64@0.14.7:
  version "0.14.7"
  resolved "https://registry.yarnpkg.com/esbuild-darwin-arm64/-/esbuild-darwin-arm64-0.14.7.tgz#6a243dc0132aeb11c1991f968a6a9e393f43c6bc"
  integrity sha512-68e7COhmwIiLXBEyxUxZSSU0akgv8t3e50e2QOtKdBUE0F6KIRISzFntLe2rYlNqSsjGWsIO6CCc9tQxijjSkw==

esbuild-freebsd-64@0.14.7:
  version "0.14.7"
  resolved "https://registry.yarnpkg.com/esbuild-freebsd-64/-/esbuild-freebsd-64-0.14.7.tgz#e7281e50522e724c4da502504dcd75be0db46c94"
  integrity sha512-76zy5jAjPiXX/S3UvRgG85Bb0wy0zv/J2lel3KtHi4V7GUTBfhNUPt0E5bpSXJ6yMT7iThhnA5rOn+IJiUcslQ==

esbuild-freebsd-arm64@0.14.7:
  version "0.14.7"
  resolved "https://registry.yarnpkg.com/esbuild-freebsd-arm64/-/esbuild-freebsd-arm64-0.14.7.tgz#31e513098efd181d76a3ba3ea285836d37f018a3"
  integrity sha512-lSlYNLiqyzd7qCN5CEOmLxn7MhnGHPcu5KuUYOG1i+t5A6q7LgBmfYC9ZHJBoYyow3u4CNu79AWHbvVLpE/VQQ==

esbuild-linux-32@0.14.7:
  version "0.14.7"
  resolved "https://registry.yarnpkg.com/esbuild-linux-32/-/esbuild-linux-32-0.14.7.tgz#82cf96accbf55d3007c3338dc3b3144efa9ae108"
  integrity sha512-Vk28u409wVOXqTaT6ek0TnfQG4Ty1aWWfiysIaIRERkNLhzLhUf4i+qJBN8mMuGTYOkE40F0Wkbp6m+IidOp2A==

esbuild-linux-64@0.14.7:
  version "0.14.7"
  resolved "https://registry.yarnpkg.com/esbuild-linux-64/-/esbuild-linux-64-0.14.7.tgz#67bdfe23a6ca918a0bb8e9558a3ee0fdf98c0bc0"
  integrity sha512-+Lvz6x+8OkRk3K2RtZwO+0a92jy9si9cUea5Zoru4yJ/6EQm9ENX5seZE0X9DTwk1dxJbjmLsJsd3IoowyzgVg==

esbuild-linux-arm64@0.14.7:
  version "0.14.7"
  resolved "https://registry.yarnpkg.com/esbuild-linux-arm64/-/esbuild-linux-arm64-0.14.7.tgz#f79c69ff0c176559c418de8e59aa3cf388fff992"
  integrity sha512-kJd5beWSqteSAW086qzCEsH6uwpi7QRIpzYWHzEYwKKu9DiG1TwIBegQJmLpPsLp4v5RAFjea0JAmAtpGtRpqg==

esbuild-linux-arm@0.14.7:
  version "0.14.7"
  resolved "https://registry.yarnpkg.com/esbuild-linux-arm/-/esbuild-linux-arm-0.14.7.tgz#3d665b35e1c27dbe1c9deb8bf956d7d1f191a21b"
  integrity sha512-OzpXEBogbYdcBqE4uKynuSn5YSetCvK03Qv1HcOY1VN6HmReuatjJ21dCH+YPHSpMEF0afVCnNfffvsGEkxGJQ==

esbuild-linux-mips64le@0.14.7:
  version "0.14.7"
  resolved "https://registry.yarnpkg.com/esbuild-linux-mips64le/-/esbuild-linux-mips64le-0.14.7.tgz#226114a0cc6649ba0ffd3428118a8f622872f16d"
  integrity sha512-mFWpnDhZJmj/h7pxqn1GGDsKwRfqtV7fx6kTF5pr4PfXe8pIaTERpwcKkoCwZUkWAOmUEjMIUAvFM72A6hMZnA==

esbuild-linux-ppc64le@0.14.7:
  version "0.14.7"
  resolved "https://registry.yarnpkg.com/esbuild-linux-ppc64le/-/esbuild-linux-ppc64le-0.14.7.tgz#5c67ae56517f2644d567b2ca5ecb97f9520cfc49"
  integrity sha512-wM7f4M0bsQXfDL4JbbYD0wsr8cC8KaQ3RPWc/fV27KdErPW7YsqshZZSjDV0kbhzwpNNdhLItfbaRT8OE8OaKA==

esbuild-netbsd-64@0.14.7:
  version "0.14.7"
  resolved "https://registry.yarnpkg.com/esbuild-netbsd-64/-/esbuild-netbsd-64-0.14.7.tgz#69dc0469ea089013956d8c6aa71c9e7fc25fc567"
  integrity sha512-J/afS7woKyzGgAL5FlgvMyqgt5wQ597lgsT+xc2yJ9/7BIyezeXutXqfh05vszy2k3kSvhLesugsxIA71WsqBw==

esbuild-openbsd-64@0.14.7:
  version "0.14.7"
  resolved "https://registry.yarnpkg.com/esbuild-openbsd-64/-/esbuild-openbsd-64-0.14.7.tgz#3a9d04ecf820708e2e5b7d26fa7332e3f19f6b6c"
  integrity sha512-7CcxgdlCD+zAPyveKoznbgr3i0Wnh0L8BDGRCjE/5UGkm5P/NQko51tuIDaYof8zbmXjjl0OIt9lSo4W7I8mrw==

esbuild-sunos-64@0.14.7:
  version "0.14.7"
  resolved "https://registry.yarnpkg.com/esbuild-sunos-64/-/esbuild-sunos-64-0.14.7.tgz#7c33a682f0fd9565cae7df165d0e8736b7b62623"
  integrity sha512-GKCafP2j/KUljVC3nesw1wLFSZktb2FGCmoT1+730zIF5O6hNroo0bSEofm6ZK5mNPnLiSaiLyRB9YFgtkd5Xg==

esbuild-windows-32@0.14.7:
  version "0.14.7"
  resolved "https://registry.yarnpkg.com/esbuild-windows-32/-/esbuild-windows-32-0.14.7.tgz#24ec706a5f25b4499048f56146bcff0ed3839dce"
  integrity sha512-5I1GeL/gZoUUdTPA0ws54bpYdtyeA2t6MNISalsHpY269zK8Jia/AXB3ta/KcDHv2SvNwabpImeIPXC/k0YW6A==

esbuild-windows-64@0.14.7:
  version "0.14.7"
  resolved "https://registry.yarnpkg.com/esbuild-windows-64/-/esbuild-windows-64-0.14.7.tgz#dd6d5b5bace93cd7a9174d31fbd727ba21885abf"
  integrity sha512-CIGKCFpQOSlYsLMbxt8JjxxvVw9MlF1Rz2ABLVfFyHUF5OeqHD5fPhGrCVNaVrhO8Xrm+yFmtjcZudUGr5/WYQ==

esbuild-windows-arm64@0.14.7:
  version "0.14.7"
  resolved "https://registry.yarnpkg.com/esbuild-windows-arm64/-/esbuild-windows-arm64-0.14.7.tgz#ecfd9ac289606f26760c4f737caaeeadfff3cfe3"
  integrity sha512-eOs1eSivOqN7cFiRIukEruWhaCf75V0N8P0zP7dh44LIhLl8y6/z++vv9qQVbkBm5/D7M7LfCfCTmt1f1wHOCw==

esbuild@^0.14.7:
  version "0.14.7"
  resolved "https://registry.yarnpkg.com/esbuild/-/esbuild-0.14.7.tgz#e85cead55b0e1001abf1b2ce4a11c1d4d709d13c"
  integrity sha512-+u/msd6iu+HvfysUPkZ9VHm83LImmSNnecYPfFI01pQ7TTcsFR+V0BkybZX7mPtIaI7LCrse6YRj+v3eraJSgw==
  optionalDependencies:
    esbuild-android-arm64 "0.14.7"
    esbuild-darwin-64 "0.14.7"
    esbuild-darwin-arm64 "0.14.7"
    esbuild-freebsd-64 "0.14.7"
    esbuild-freebsd-arm64 "0.14.7"
    esbuild-linux-32 "0.14.7"
    esbuild-linux-64 "0.14.7"
    esbuild-linux-arm "0.14.7"
    esbuild-linux-arm64 "0.14.7"
    esbuild-linux-mips64le "0.14.7"
    esbuild-linux-ppc64le "0.14.7"
    esbuild-netbsd-64 "0.14.7"
    esbuild-openbsd-64 "0.14.7"
    esbuild-sunos-64 "0.14.7"
    esbuild-windows-32 "0.14.7"
    esbuild-windows-64 "0.14.7"
    esbuild-windows-arm64 "0.14.7"

typescript@^4.3:
  version "4.4.4"
  resolved "https://registry.yarnpkg.com/typescript/-/typescript-4.4.4.tgz#2cd01a1a1f160704d3101fd5a58ff0f9fcb8030c"
  integrity sha512-DqGhF5IKoBl8WNf8C1gu8q0xZSInh9j1kJJMqT3a94w1JzVaBU4EXOSMrz9yDqMT0xt3selp83fuFMQ0uzv6qA==

vscode-css-languageservice@^6.1.1:
  version "6.1.1"
  resolved "https://registry.yarnpkg.com/vscode-css-languageservice/-/vscode-css-languageservice-6.1.1.tgz#36daefd96e56b7453da16ff8c16f4ee693f32521"
  integrity sha512-7d2NCq2plT0njAKmGZ11uof95y2fwbgq8QuToE3kX9uYQfVmejHX2/lFGKbK5AV5+Ja0L80UZoU0QspwqMKMHA==
  dependencies:
    vscode-languageserver-textdocument "^1.0.7"
    vscode-languageserver-types "^3.17.2"
    vscode-nls "^5.2.0"
    vscode-uri "^3.0.4"

vscode-html-languageservice@^5.0.2:
  version "5.0.2"
  resolved "https://registry.yarnpkg.com/vscode-html-languageservice/-/vscode-html-languageservice-5.0.2.tgz#a66cb9d779f3094a8d14dd3a8f7935748435fd2a"
  integrity sha512-TQmeyE14Ure/w/S+RV2IItuRWmw/i1QaS+om6t70iHCpamuTTWnACQPMSltVGm/DlbdyMquUePJREjd/h3AVkQ==
  dependencies:
    vscode-languageserver-textdocument "^1.0.7"
    vscode-languageserver-types "^3.17.2"
    vscode-nls "^5.2.0"
    vscode-uri "^3.0.4"

vscode-jsonrpc@8.1.0-next.1:
  version "8.1.0-next.1"
  resolved "https://registry.yarnpkg.com/vscode-jsonrpc/-/vscode-jsonrpc-8.1.0-next.1.tgz#7c38cb1cbd968c409522593004fdac845a55b155"
  integrity sha512-FiPG+9TuMIga3t+kkalQytwqMtJu1djI+Pq+Ut2tvAJpcNHDJ0PYdjFv5mgEvTEJLujrYwjWHVkNe+XfHPBD/w==

vscode-languageserver-protocol@3.17.3-next.1:
  version "3.17.3-next.1"
  resolved "https://registry.yarnpkg.com/vscode-languageserver-protocol/-/vscode-languageserver-protocol-3.17.3-next.1.tgz#804880c172b4c48d1a48a91c4c23250121effb19"
  integrity sha512-vgjvPE0zox+1Fi4ljsSFJ+B3g8wGNbuAEEdulueVdv+R2VHtc06+dgxhWiG4LKPqXwjPDmiuxCnvd2xk3fzTTw==
  dependencies:
    vscode-jsonrpc "8.1.0-next.1"
    vscode-languageserver-types "3.17.2"

vscode-languageserver-textdocument@^1.0.7:
  version "1.0.7"
  resolved "https://registry.yarnpkg.com/vscode-languageserver-textdocument/-/vscode-languageserver-textdocument-1.0.7.tgz#16df468d5c2606103c90554ae05f9f3d335b771b"
  integrity sha512-bFJH7UQxlXT8kKeyiyu41r22jCZXG8kuuVVA33OEJn1diWOZK5n8zBSPZFHVBOu8kXZ6h0LIRhf5UnCo61J4Hg==

vscode-languageserver-types@3.15.1:
  version "3.15.1"
  resolved "https://registry.yarnpkg.com/vscode-languageserver-types/-/vscode-languageserver-types-3.15.1.tgz#17be71d78d2f6236d414f0001ce1ef4d23e6b6de"
  integrity sha512-+a9MPUQrNGRrGU630OGbYVQ+11iOIovjCkqxajPa9w57Sd5ruK8WQNsslzpa0x/QJqC8kRc2DUxWjIFwoNm4ZQ==

vscode-languageserver-types@3.17.2, vscode-languageserver-types@^3.17.2:
  version "3.17.2"
  resolved "https://registry.yarnpkg.com/vscode-languageserver-types/-/vscode-languageserver-types-3.17.2.tgz#b2c2e7de405ad3d73a883e91989b850170ffc4f2"
  integrity sha512-zHhCWatviizPIq9B7Vh9uvrH6x3sK8itC84HkamnBWoDFJtzBf7SWlpLCZUit72b3os45h6RWQNC9xHRDF8dRA==

vscode-languageserver@^8.1.0-next.1:
  version "8.1.0-next.1"
  resolved "https://registry.yarnpkg.com/vscode-languageserver/-/vscode-languageserver-8.1.0-next.1.tgz#1c173de554889bd18ca6e20eaf4bdc84164c86b4"
  integrity sha512-u14Rk4JgXI+7iS6AEXI2pNc1dWh/5JEXtaqa4TeBECKJlN+5242mbGBBPaHMOE7sSI1Kh66XhEMZJhPYjUfjHw==
  dependencies:
    vscode-languageserver-protocol "3.17.3-next.1"

vscode-nls@^5.2.0:
  version "5.2.0"
  resolved "https://registry.yarnpkg.com/vscode-nls/-/vscode-nls-5.2.0.tgz#3cb6893dd9bd695244d8a024bdf746eea665cc3f"
  integrity sha512-RAaHx7B14ZU04EU31pT+rKz2/zSl7xMsfIZuo8pd+KZO6PXtQmpevpq3vxvWNcrGbdmhM/rr5Uw5Mz+NBfhVng==

vscode-uri@^3.0.4, vscode-uri@^3.0.6:
  version "3.0.6"
  resolved "https://registry.yarnpkg.com/vscode-uri/-/vscode-uri-3.0.6.tgz#5e6e2e1a4170543af30151b561a41f71db1d6f91"
  integrity sha512-fmL7V1eiDBFRRnu+gfRWTzyPpNIHJTc4mWnFkwBUmO9U3KPgJAmTx7oxi2bl/Rh6HLdU7+4C9wlj0k2E4AdKFQ==
